
Microsoft Visual Studio Solution File, Format Version 12.00
# Visual Studio 14
VisualStudioVersion = 14.0.25420.1
MinimumVisualStudioVersion = 10.0.40219.1
Project("{FAE04EC0-301F-11D3-BF4B-00C04F79EFBC}") = "XaDemo.Droid", "XaDemo\XaDemo.Droid\XaDemo.Droid.csproj", "{CE5EAC07-303F-4F77-84A3-1B0083E7BF65}"
EndProject
Project("{FAE04EC0-301F-11D3-BF4B-00C04F79EFBC}") = "XaDemo.iOS", "XaDemo\XaDemo.iOS\XaDemo.iOS.csproj", "{D0D018D8-2993-4572-BCE1-D0A39C4BEECC}"
EndProject
Project("{FAE04EC0-301F-11D3-BF4B-00C04F79EFBC}") = "XaDemo.WinPhone", "XaDemo\XaDemo.WinPhone\XaDemo.WinPhone.csproj", "{CA23D8D7-ADB3-4FB4-9E21-EB5857D07239}"
EndProject
Project("{FAE04EC0-301F-11D3-BF4B-00C04F79EFBC}") = "XaDemo.UWP", "XaDemo\XaDemo.UWP\XaDemo.UWP.csproj", "{C9D6FAD1-A824-4F4C-B4A0-9A4D1495DD97}"
EndProject
Project("{FAE04EC0-301F-11D3-BF4B-00C04F79EFBC}") = "XaDemo.Windows", "XaDemo\XaDemo.Windows\XaDemo.Windows.csproj", "{65B86139-7E2D-4DFA-81E8-F941B57B6413}"
EndProject
Project("{D954291E-2A0B-460D-934E-DC6B0785DB48}") = "XaDemo", "XaDemo\XaDemo\XaDemo.shproj", "{D257F56E-5F6E-476D-882A-EDC528DC16A2}"
EndProject
Global
	GlobalSection(SharedMSBuildProjectFiles) = preSolution
		XaDemo\XaDemo\XaDemo.projitems*{65b86139-7e2d-4dfa-81e8-f941b57b6413}*SharedItemsImports = 4
		XaDemo\XaDemo\XaDemo.projitems*{c9d6fad1-a824-4f4c-b4a0-9a4d1495dd97}*SharedItemsImports = 4
		XaDemo\XaDemo\XaDemo.projitems*{ca23d8d7-adb3-4fb4-9e21-eb5857d07239}*SharedItemsImports = 4
		XaDemo\XaDemo\XaDemo.projitems*{ce5eac07-303f-4f77-84a3-1b0083e7bf65}*SharedItemsImports = 4
		XaDemo\XaDemo\XaDemo.projitems*{d0d018d8-2993-4572-bce1-d0a39c4beecc}*SharedItemsImports = 4
		XaDemo\XaDemo\XaDemo.projitems*{d257f56e-5f6e-476d-882a-edc528dc16a2}*SharedItemsImports = 13
	EndGlobalSection
	GlobalSection(SolutionConfigurationPlatforms) = preSolution
		Ad-Hoc|Any CPU = Ad-Hoc|Any CPU
		Ad-Hoc|ARM = Ad-Hoc|ARM
		Ad-Hoc|iPhone = Ad-Hoc|iPhone
		Ad-Hoc|iPhoneSimulator = Ad-Hoc|iPhoneSimulator
		Ad-Hoc|x64 = Ad-Hoc|x64
		Ad-Hoc|x86 = Ad-Hoc|x86
		AppStore|Any CPU = AppStore|Any CPU
		AppStore|ARM = AppStore|ARM
		AppStore|iPhone = AppStore|iPhone
		AppStore|iPhoneSimulator = AppStore|iPhoneSimulator
		AppStore|x64 = AppStore|x64
		AppStore|x86 = AppStore|x86
		Debug|Any CPU = Debug|Any CPU
		Debug|ARM = Debug|ARM
		Debug|iPhone = Debug|iPhone
		Debug|iPhoneSimulator = Debug|iPhoneSimulator
		Debug|x64 = Debug|x64
		Debug|x86 = Debug|x86
		Release|Any CPU = Release|Any CPU
		Release|ARM = Release|ARM
		Release|iPhone = Release|iPhone
		Release|iPhoneSimulator = Release|iPhoneSimulator
		Release|x64 = Release|x64
		Release|x86 = Release|x86
	EndGlobalSection
	GlobalSection(ProjectConfigurationPlatforms) = postSolution
		{CE5EAC07-303F-4F77-84A3-1B0083E7BF65}.Ad-Hoc|Any CPU.ActiveCfg = Release|Any CPU
		{CE5EAC07-303F-4F77-84A3-1B0083E7BF65}.Ad-Hoc|Any CPU.Build.0 = Release|Any CPU
		{CE5EAC07-303F-4F77-84A3-1B0083E7BF65}.Ad-Hoc|Any CPU.Deploy.0 = Release|Any CPU
		{CE5EAC07-303F-4F77-84A3-1B0083E7BF65}.Ad-Hoc|ARM.ActiveCfg = Release|Any CPU
		{CE5EAC07-303F-4F77-84A3-1B0083E7BF65}.Ad-Hoc|ARM.Build.0 = Release|Any CPU
		{CE5EAC07-303F-4F77-84A3-1B0083E7BF65}.Ad-Hoc|ARM.Deploy.0 = Release|Any CPU
		{CE5EAC07-303F-4F77-84A3-1B0083E7BF65}.Ad-Hoc|iPhone.ActiveCfg = Release|Any CPU
		{CE5EAC07-303F-4F77-84A3-1B0083E7BF65}.Ad-Hoc|iPhone.Build.0 = Release|Any CPU
		{CE5EAC07-303F-4F77-84A3-1B0083E7BF65}.Ad-Hoc|iPhone.Deploy.0 = Release|Any CPU
		{CE5EAC07-303F-4F77-84A3-1B0083E7BF65}.Ad-Hoc|iPhoneSimulator.ActiveCfg = Release|Any CPU
		{CE5EAC07-303F-4F77-84A3-1B0083E7BF65}.Ad-Hoc|iPhoneSimulator.Build.0 = Release|Any CPU
		{CE5EAC07-303F-4F77-84A3-1B0083E7BF65}.Ad-Hoc|iPhoneSimulator.Deploy.0 = Release|Any CPU
		{CE5EAC07-303F-4F77-84A3-1B0083E7BF65}.Ad-Hoc|x64.ActiveCfg = Release|Any CPU
		{CE5EAC07-303F-4F77-84A3-1B0083E7BF65}.Ad-Hoc|x64.Build.0 = Release|Any CPU
		{CE5EAC07-303F-4F77-84A3-1B0083E7BF65}.Ad-Hoc|x64.Deploy.0 = Release|Any CPU
		{CE5EAC07-303F-4F77-84A3-1B0083E7BF65}.Ad-Hoc|x86.ActiveCfg = Release|Any CPU
		{CE5EAC07-303F-4F77-84A3-1B0083E7BF65}.Ad-Hoc|x86.Build.0 = Release|Any CPU
		{CE5EAC07-303F-4F77-84A3-1B0083E7BF65}.Ad-Hoc|x86.Deploy.0 = Release|Any CPU
		{CE5EAC07-303F-4F77-84A3-1B0083E7BF65}.AppStore|Any CPU.ActiveCfg = Release|Any CPU
		{CE5EAC07-303F-4F77-84A3-1B0083E7BF65}.AppStore|Any CPU.Build.0 = Release|Any CPU
		{CE5EAC07-303F-4F77-84A3-1B0083E7BF65}.AppStore|Any CPU.Deploy.0 = Release|Any CPU
		{CE5EAC07-303F-4F77-84A3-1B0083E7BF65}.AppStore|ARM.ActiveCfg = Release|Any CPU
		{CE5EAC07-303F-4F77-84A3-1B0083E7BF65}.AppStore|ARM.Build.0 = Release|Any CPU
		{CE5EAC07-303F-4F77-84A3-1B0083E7BF65}.AppStore|ARM.Deploy.0 = Release|Any CPU
		{CE5EAC07-303F-4F77-84A3-1B0083E7BF65}.AppStore|iPhone.ActiveCfg = Release|Any CPU
		{CE5EAC07-303F-4F77-84A3-1B0083E7BF65}.AppStore|iPhone.Build.0 = Release|Any CPU
		{CE5EAC07-303F-4F77-84A3-1B0083E7BF65}.AppStore|iPhone.Deploy.0 = Release|Any CPU
		{CE5EAC07-303F-4F77-84A3-1B0083E7BF65}.AppStore|iPhoneSimulator.ActiveCfg = Release|Any CPU
		{CE5EAC07-303F-4F77-84A3-1B0083E7BF65}.AppStore|iPhoneSimulator.Build.0 = Release|Any CPU
		{CE5EAC07-303F-4F77-84A3-1B0083E7BF65}.AppStore|iPhoneSimulator.Deploy.0 = Release|Any CPU
		{CE5EAC07-303F-4F77-84A3-1B0083E7BF65}.AppStore|x64.ActiveCfg = Release|Any CPU
		{CE5EAC07-303F-4F77-84A3-1B0083E7BF65}.AppStore|x64.Build.0 = Release|Any CPU
		{CE5EAC07-303F-4F77-84A3-1B0083E7BF65}.AppStore|x64.Deploy.0 = Release|Any CPU
		{CE5EAC07-303F-4F77-84A3-1B0083E7BF65}.AppStore|x86.ActiveCfg = Release|Any CPU
		{CE5EAC07-303F-4F77-84A3-1B0083E7BF65}.AppStore|x86.Build.0 = Release|Any CPU
		{CE5EAC07-303F-4F77-84A3-1B0083E7BF65}.AppStore|x86.Deploy.0 = Release|Any CPU
		{CE5EAC07-303F-4F77-84A3-1B0083E7BF65}.Debug|Any CPU.ActiveCfg = Debug|Any CPU
		{CE5EAC07-303F-4F77-84A3-1B0083E7BF65}.Debug|Any CPU.Build.0 = Debug|Any CPU
		{CE5EAC07-303F-4F77-84A3-1B0083E7BF65}.Debug|Any CPU.Deploy.0 = Debug|Any CPU
		{CE5EAC07-303F-4F77-84A3-1B0083E7BF65}.Debug|ARM.ActiveCfg = Debug|Any CPU
		{CE5EAC07-303F-4F77-84A3-1B0083E7BF65}.Debug|ARM.Build.0 = Debug|Any CPU
		{CE5EAC07-303F-4F77-84A3-1B0083E7BF65}.Debug|ARM.Deploy.0 = Debug|Any CPU
		{CE5EAC07-303F-4F77-84A3-1B0083E7BF65}.Debug|iPhone.ActiveCfg = Debug|Any CPU
		{CE5EAC07-303F-4F77-84A3-1B0083E7BF65}.Debug|iPhone.Build.0 = Debug|Any CPU
		{CE5EAC07-303F-4F77-84A3-1B0083E7BF65}.Debug|iPhone.Deploy.0 = Debug|Any CPU
		{CE5EAC07-303F-4F77-84A3-1B0083E7BF65}.Debug|iPhoneSimulator.ActiveCfg = Debug|Any CPU
		{CE5EAC07-303F-4F77-84A3-1B0083E7BF65}.Debug|iPhoneSimulator.Build.0 = Debug|Any CPU
		{CE5EAC07-303F-4F77-84A3-1B0083E7BF65}.Debug|iPhoneSimulator.Deploy.0 = Debug|Any CPU
		{CE5EAC07-303F-4F77-84A3-1B0083E7BF65}.Debug|x64.ActiveCfg = Debug|Any CPU
		{CE5EAC07-303F-4F77-84A3-1B0083E7BF65}.Debug|x64.Build.0 = Debug|Any CPU
		{CE5EAC07-303F-4F77-84A3-1B0083E7BF65}.Debug|x64.Deploy.0 = Debug|Any CPU
		{CE5EAC07-303F-4F77-84A3-1B0083E7BF65}.Debug|x86.ActiveCfg = Debug|Any CPU
		{CE5EAC07-303F-4F77-84A3-1B0083E7BF65}.Debug|x86.Build.0 = Debug|Any CPU
		{CE5EAC07-303F-4F77-84A3-1B0083E7BF65}.Debug|x86.Deploy.0 = Debug|Any CPU
		{CE5EAC07-303F-4F77-84A3-1B0083E7BF65}.Release|Any CPU.ActiveCfg = Release|Any CPU
		{CE5EAC07-303F-4F77-84A3-1B0083E7BF65}.Release|Any CPU.Build.0 = Release|Any CPU
		{CE5EAC07-303F-4F77-84A3-1B0083E7BF65}.Release|Any CPU.Deploy.0 = Release|Any CPU
		{CE5EAC07-303F-4F77-84A3-1B0083E7BF65}.Release|ARM.ActiveCfg = Release|Any CPU
		{CE5EAC07-303F-4F77-84A3-1B0083E7BF65}.Release|ARM.Build.0 = Release|Any CPU
		{CE5EAC07-303F-4F77-84A3-1B0083E7BF65}.Release|ARM.Deploy.0 = Release|Any CPU
		{CE5EAC07-303F-4F77-84A3-1B0083E7BF65}.Release|iPhone.ActiveCfg = Release|Any CPU
		{CE5EAC07-303F-4F77-84A3-1B0083E7BF65}.Release|iPhone.Build.0 = Release|Any CPU
		{CE5EAC07-303F-4F77-84A3-1B0083E7BF65}.Release|iPhone.Deploy.0 = Release|Any CPU
		{CE5EAC07-303F-4F77-84A3-1B0083E7BF65}.Release|iPhoneSimulator.ActiveCfg = Release|Any CPU
		{CE5EAC07-303F-4F77-84A3-1B0083E7BF65}.Release|iPhoneSimulator.Build.0 = Release|Any CPU
		{CE5EAC07-303F-4F77-84A3-1B0083E7BF65}.Release|iPhoneSimulator.Deploy.0 = Release|Any CPU
		{CE5EAC07-303F-4F77-84A3-1B0083E7BF65}.Release|x64.ActiveCfg = Release|Any CPU
		{CE5EAC07-303F-4F77-84A3-1B0083E7BF65}.Release|x64.Build.0 = Release|Any CPU
		{CE5EAC07-303F-4F77-84A3-1B0083E7BF65}.Release|x64.Deploy.0 = Release|Any CPU
		{CE5EAC07-303F-4F77-84A3-1B0083E7BF65}.Release|x86.ActiveCfg = Release|Any CPU
		{CE5EAC07-303F-4F77-84A3-1B0083E7BF65}.Release|x86.Build.0 = Release|Any CPU
		{CE5EAC07-303F-4F77-84A3-1B0083E7BF65}.Release|x86.Deploy.0 = Release|Any CPU
		{D0D018D8-2993-4572-BCE1-D0A39C4BEECC}.Ad-Hoc|Any CPU.ActiveCfg = Ad-Hoc|iPhone
		{D0D018D8-2993-4572-BCE1-D0A39C4BEECC}.Ad-Hoc|ARM.ActiveCfg = Ad-Hoc|iPhone
		{D0D018D8-2993-4572-BCE1-D0A39C4BEECC}.Ad-Hoc|iPhone.ActiveCfg = Ad-Hoc|iPhone
		{D0D018D8-2993-4572-BCE1-D0A39C4BEECC}.Ad-Hoc|iPhone.Build.0 = Ad-Hoc|iPhone
		{D0D018D8-2993-4572-BCE1-D0A39C4BEECC}.Ad-Hoc|iPhoneSimulator.ActiveCfg = Ad-Hoc|iPhoneSimulator
		{D0D018D8-2993-4572-BCE1-D0A39C4BEECC}.Ad-Hoc|iPhoneSimulator.Build.0 = Ad-Hoc|iPhoneSimulator
		{D0D018D8-2993-4572-BCE1-D0A39C4BEECC}.Ad-Hoc|x64.ActiveCfg = Ad-Hoc|iPhone
		{D0D018D8-2993-4572-BCE1-D0A39C4BEECC}.Ad-Hoc|x86.ActiveCfg = Ad-Hoc|iPhone
		{D0D018D8-2993-4572-BCE1-D0A39C4BEECC}.AppStore|Any CPU.ActiveCfg = AppStore|iPhone
		{D0D018D8-2993-4572-BCE1-D0A39C4BEECC}.AppStore|ARM.ActiveCfg = AppStore|iPhone
		{D0D018D8-2993-4572-BCE1-D0A39C4BEECC}.AppStore|iPhone.ActiveCfg = AppStore|iPhone
		{D0D018D8-2993-4572-BCE1-D0A39C4BEECC}.AppStore|iPhone.Build.0 = AppStore|iPhone
		{D0D018D8-2993-4572-BCE1-D0A39C4BEECC}.AppStore|iPhoneSimulator.ActiveCfg = AppStore|iPhoneSimulator
		{D0D018D8-2993-4572-BCE1-D0A39C4BEECC}.AppStore|iPhoneSimulator.Build.0 = AppStore|iPhoneSimulator
		{D0D018D8-2993-4572-BCE1-D0A39C4BEECC}.AppStore|x64.ActiveCfg = AppStore|iPhone
		{D0D018D8-2993-4572-BCE1-D0A39C4BEECC}.AppStore|x86.ActiveCfg = AppStore|iPhone
		{D0D018D8-2993-4572-BCE1-D0A39C4BEECC}.Debug|Any CPU.ActiveCfg = Debug|iPhone
		{D0D018D8-2993-4572-BCE1-D0A39C4BEECC}.Debug|ARM.ActiveCfg = Debug|iPhone
		{D0D018D8-2993-4572-BCE1-D0A39C4BEECC}.Debug|iPhone.ActiveCfg = Debug|iPhone
		{D0D018D8-2993-4572-BCE1-D0A39C4BEECC}.Debug|iPhone.Build.0 = Debug|iPhone
		{D0D018D8-2993-4572-BCE1-D0A39C4BEECC}.Debug|iPhoneSimulator.ActiveCfg = Debug|iPhoneSimulator
		{D0D018D8-2993-4572-BCE1-D0A39C4BEECC}.Debug|iPhoneSimulator.Build.0 = Debug|iPhoneSimulator
		{D0D018D8-2993-4572-BCE1-D0A39C4BEECC}.Debug|x64.ActiveCfg = Debug|iPhone
		{D0D018D8-2993-4572-BCE1-D0A39C4BEECC}.Debug|x86.ActiveCfg = Debug|iPhone
		{D0D018D8-2993-4572-BCE1-D0A39C4BEECC}.Release|Any CPU.ActiveCfg = Release|iPhone
		{D0D018D8-2993-4572-BCE1-D0A39C4BEECC}.Release|ARM.ActiveCfg = Release|iPhone
		{D0D018D8-2993-4572-BCE1-D0A39C4BEECC}.Release|iPhone.ActiveCfg = Release|iPhone
		{D0D018D8-2993-4572-BCE1-D0A39C4BEECC}.Release|iPhone.Build.0 = Release|iPhone
		{D0D018D8-2993-4572-BCE1-D0A39C4BEECC}.Release|iPhoneSimulator.ActiveCfg = Release|iPhoneSimulator
		{D0D018D8-2993-4572-BCE1-D0A39C4BEECC}.Release|iPhoneSimulator.Build.0 = Release|iPhoneSimulator
		{D0D018D8-2993-4572-BCE1-D0A39C4BEECC}.Release|x64.ActiveCfg = Release|iPhone
		{D0D018D8-2993-4572-BCE1-D0A39C4BEECC}.Release|x86.ActiveCfg = Release|iPhone
		{CA23D8D7-ADB3-4FB4-9E21-EB5857D07239}.Ad-Hoc|Any CPU.ActiveCfg = Release|Any CPU
		{CA23D8D7-ADB3-4FB4-9E21-EB5857D07239}.Ad-Hoc|Any CPU.Build.0 = Release|Any CPU
		{CA23D8D7-ADB3-4FB4-9E21-EB5857D07239}.Ad-Hoc|Any CPU.Deploy.0 = Release|Any CPU
		{CA23D8D7-ADB3-4FB4-9E21-EB5857D07239}.Ad-Hoc|ARM.ActiveCfg = Release|ARM
		{CA23D8D7-ADB3-4FB4-9E21-EB5857D07239}.Ad-Hoc|ARM.Build.0 = Release|ARM
		{CA23D8D7-ADB3-4FB4-9E21-EB5857D07239}.Ad-Hoc|ARM.Deploy.0 = Release|ARM
		{CA23D8D7-ADB3-4FB4-9E21-EB5857D07239}.Ad-Hoc|iPhone.ActiveCfg = Release|Any CPU
		{CA23D8D7-ADB3-4FB4-9E21-EB5857D07239}.Ad-Hoc|iPhone.Build.0 = Release|Any CPU
		{CA23D8D7-ADB3-4FB4-9E21-EB5857D07239}.Ad-Hoc|iPhone.Deploy.0 = Release|Any CPU
		{CA23D8D7-ADB3-4FB4-9E21-EB5857D07239}.Ad-Hoc|iPhoneSimulator.ActiveCfg = Release|Any CPU
		{CA23D8D7-ADB3-4FB4-9E21-EB5857D07239}.Ad-Hoc|iPhoneSimulator.Build.0 = Release|Any CPU
		{CA23D8D7-ADB3-4FB4-9E21-EB5857D07239}.Ad-Hoc|iPhoneSimulator.Deploy.0 = Release|Any CPU
		{CA23D8D7-ADB3-4FB4-9E21-EB5857D07239}.Ad-Hoc|x64.ActiveCfg = Release|Any CPU
		{CA23D8D7-ADB3-4FB4-9E21-EB5857D07239}.Ad-Hoc|x64.Build.0 = Release|Any CPU
		{CA23D8D7-ADB3-4FB4-9E21-EB5857D07239}.Ad-Hoc|x64.Deploy.0 = Release|Any CPU
		{CA23D8D7-ADB3-4FB4-9E21-EB5857D07239}.Ad-Hoc|x86.ActiveCfg = Release|x86
		{CA23D8D7-ADB3-4FB4-9E21-EB5857D07239}.Ad-Hoc|x86.Build.0 = Release|x86
		{CA23D8D7-ADB3-4FB4-9E21-EB5857D07239}.Ad-Hoc|x86.Deploy.0 = Release|x86
		{CA23D8D7-ADB3-4FB4-9E21-EB5857D07239}.AppStore|Any CPU.ActiveCfg = Release|Any CPU
		{CA23D8D7-ADB3-4FB4-9E21-EB5857D07239}.AppStore|Any CPU.Build.0 = Release|Any CPU
		{CA23D8D7-ADB3-4FB4-9E21-EB5857D07239}.AppStore|Any CPU.Deploy.0 = Release|Any CPU
		{CA23D8D7-ADB3-4FB4-9E21-EB5857D07239}.AppStore|ARM.ActiveCfg = Release|ARM
		{CA23D8D7-ADB3-4FB4-9E21-EB5857D07239}.AppStore|ARM.Build.0 = Release|ARM
		{CA23D8D7-ADB3-4FB4-9E21-EB5857D07239}.AppStore|ARM.Deploy.0 = Release|ARM
		{CA23D8D7-ADB3-4FB4-9E21-EB5857D07239}.AppStore|iPhone.ActiveCfg = Release|Any CPU
		{CA23D8D7-ADB3-4FB4-9E21-EB5857D07239}.AppStore|iPhone.Build.0 = Release|Any CPU
		{CA23D8D7-ADB3-4FB4-9E21-EB5857D07239}.AppStore|iPhone.Deploy.0 = Release|Any CPU
		{CA23D8D7-ADB3-4FB4-9E21-EB5857D07239}.AppStore|iPhoneSimulator.ActiveCfg = Release|Any CPU
		{CA23D8D7-ADB3-4FB4-9E21-EB5857D07239}.AppStore|iPhoneSimulator.Build.0 = Release|Any CPU
		{CA23D8D7-ADB3-4FB4-9E21-EB5857D07239}.AppStore|iPhoneSimulator.Deploy.0 = Release|Any CPU
		{CA23D8D7-ADB3-4FB4-9E21-EB5857D07239}.AppStore|x64.ActiveCfg = Release|Any CPU
		{CA23D8D7-ADB3-4FB4-9E21-EB5857D07239}.AppStore|x64.Build.0 = Release|Any CPU
		{CA23D8D7-ADB3-4FB4-9E21-EB5857D07239}.AppStore|x64.Deploy.0 = Release|Any CPU
		{CA23D8D7-ADB3-4FB4-9E21-EB5857D07239}.AppStore|x86.ActiveCfg = Release|x86
		{CA23D8D7-ADB3-4FB4-9E21-EB5857D07239}.AppStore|x86.Build.0 = Release|x86
		{CA23D8D7-ADB3-4FB4-9E21-EB5857D07239}.AppStore|x86.Deploy.0 = Release|x86
		{CA23D8D7-ADB3-4FB4-9E21-EB5857D07239}.Debug|Any CPU.ActiveCfg = Debug|Any CPU
		{CA23D8D7-ADB3-4FB4-9E21-EB5857D07239}.Debug|Any CPU.Build.0 = Debug|Any CPU
		{CA23D8D7-ADB3-4FB4-9E21-EB5857D07239}.Debug|Any CPU.Deploy.0 = Debug|Any CPU
		{CA23D8D7-ADB3-4FB4-9E21-EB5857D07239}.Debug|ARM.ActiveCfg = Debug|ARM
		{CA23D8D7-ADB3-4FB4-9E21-EB5857D07239}.Debug|ARM.Build.0 = Debug|ARM
		{CA23D8D7-ADB3-4FB4-9E21-EB5857D07239}.Debug|ARM.Deploy.0 = Debug|ARM
		{CA23D8D7-ADB3-4FB4-9E21-EB5857D07239}.Debug|iPhone.ActiveCfg = Debug|Any CPU
		{CA23D8D7-ADB3-4FB4-9E21-EB5857D07239}.Debug|iPhone.Build.0 = Debug|Any CPU
		{CA23D8D7-ADB3-4FB4-9E21-EB5857D07239}.Debug|iPhone.Deploy.0 = Debug|Any CPU
		{CA23D8D7-ADB3-4FB4-9E21-EB5857D07239}.Debug|iPhoneSimulator.ActiveCfg = Debug|Any CPU
		{CA23D8D7-ADB3-4FB4-9E21-EB5857D07239}.Debug|iPhoneSimulator.Build.0 = Debug|Any CPU
		{CA23D8D7-ADB3-4FB4-9E21-EB5857D07239}.Debug|iPhoneSimulator.Deploy.0 = Debug|Any CPU
		{CA23D8D7-ADB3-4FB4-9E21-EB5857D07239}.Debug|x64.ActiveCfg = Debug|Any CPU
		{CA23D8D7-ADB3-4FB4-9E21-EB5857D07239}.Debug|x64.Build.0 = Debug|Any CPU
		{CA23D8D7-ADB3-4FB4-9E21-EB5857D07239}.Debug|x64.Deploy.0 = Debug|Any CPU
		{CA23D8D7-ADB3-4FB4-9E21-EB5857D07239}.Debug|x86.ActiveCfg = Debug|x86
		{CA23D8D7-ADB3-4FB4-9E21-EB5857D07239}.Debug|x86.Build.0 = Debug|x86
		{CA23D8D7-ADB3-4FB4-9E21-EB5857D07239}.Debug|x86.Deploy.0 = Debug|x86
		{CA23D8D7-ADB3-4FB4-9E21-EB5857D07239}.Release|Any CPU.ActiveCfg = Release|Any CPU
		{CA23D8D7-ADB3-4FB4-9E21-EB5857D07239}.Release|Any CPU.Build.0 = Release|Any CPU
		{CA23D8D7-ADB3-4FB4-9E21-EB5857D07239}.Release|Any CPU.Deploy.0 = Release|Any CPU
		{CA23D8D7-ADB3-4FB4-9E21-EB5857D07239}.Release|ARM.ActiveCfg = Release|ARM
		{CA23D8D7-ADB3-4FB4-9E21-EB5857D07239}.Release|ARM.Build.0 = Release|ARM
		{CA23D8D7-ADB3-4FB4-9E21-EB5857D07239}.Release|ARM.Deploy.0 = Release|ARM
		{CA23D8D7-ADB3-4FB4-9E21-EB5857D07239}.Release|iPhone.ActiveCfg = Release|Any CPU
		{CA23D8D7-ADB3-4FB4-9E21-EB5857D07239}.Release|iPhone.Build.0 = Release|Any CPU
		{CA23D8D7-ADB3-4FB4-9E21-EB5857D07239}.Release|iPhone.Deploy.0 = Release|Any CPU
		{CA23D8D7-ADB3-4FB4-9E21-EB5857D07239}.Release|iPhoneSimulator.ActiveCfg = Release|Any CPU
		{CA23D8D7-ADB3-4FB4-9E21-EB5857D07239}.Release|iPhoneSimulator.Build.0 = Release|Any CPU
		{CA23D8D7-ADB3-4FB4-9E21-EB5857D07239}.Release|iPhoneSimulator.Deploy.0 = Release|Any CPU
		{CA23D8D7-ADB3-4FB4-9E21-EB5857D07239}.Release|x64.ActiveCfg = Release|Any CPU
		{CA23D8D7-ADB3-4FB4-9E21-EB5857D07239}.Release|x64.Build.0 = Release|Any CPU
		{CA23D8D7-ADB3-4FB4-9E21-EB5857D07239}.Release|x64.Deploy.0 = Release|Any CPU
		{CA23D8D7-ADB3-4FB4-9E21-EB5857D07239}.Release|x86.ActiveCfg = Release|x86
		{CA23D8D7-ADB3-4FB4-9E21-EB5857D07239}.Release|x86.Build.0 = Release|x86
		{CA23D8D7-ADB3-4FB4-9E21-EB5857D07239}.Release|x86.Deploy.0 = Release|x86
		{C9D6FAD1-A824-4F4C-B4A0-9A4D1495DD97}.Ad-Hoc|Any CPU.ActiveCfg = Release|x86
		{C9D6FAD1-A824-4F4C-B4A0-9A4D1495DD97}.Ad-Hoc|Any CPU.Build.0 = Release|x86
		{C9D6FAD1-A824-4F4C-B4A0-9A4D1495DD97}.Ad-Hoc|Any CPU.Deploy.0 = Release|x86
		{C9D6FAD1-A824-4F4C-B4A0-9A4D1495DD97}.Ad-Hoc|ARM.ActiveCfg = Release|ARM
		{C9D6FAD1-A824-4F4C-B4A0-9A4D1495DD97}.Ad-Hoc|ARM.Build.0 = Release|ARM
		{C9D6FAD1-A824-4F4C-B4A0-9A4D1495DD97}.Ad-Hoc|ARM.Deploy.0 = Release|ARM
		{C9D6FAD1-A824-4F4C-B4A0-9A4D1495DD97}.Ad-Hoc|iPhone.ActiveCfg = Release|x86
		{C9D6FAD1-A824-4F4C-B4A0-9A4D1495DD97}.Ad-Hoc|iPhone.Build.0 = Release|x86
		{C9D6FAD1-A824-4F4C-B4A0-9A4D1495DD97}.Ad-Hoc|iPhone.Deploy.0 = Release|x86
		{C9D6FAD1-A824-4F4C-B4A0-9A4D1495DD97}.Ad-Hoc|iPhoneSimulator.ActiveCfg = Release|x86
		{C9D6FAD1-A824-4F4C-B4A0-9A4D1495DD97}.Ad-Hoc|iPhoneSimulator.Build.0 = Release|x86
		{C9D6FAD1-A824-4F4C-B4A0-9A4D1495DD97}.Ad-Hoc|iPhoneSimulator.Deploy.0 = Release|x86
		{C9D6FAD1-A824-4F4C-B4A0-9A4D1495DD97}.Ad-Hoc|x64.ActiveCfg = Release|x64
		{C9D6FAD1-A824-4F4C-B4A0-9A4D1495DD97}.Ad-Hoc|x64.Build.0 = Release|x64
		{C9D6FAD1-A824-4F4C-B4A0-9A4D1495DD97}.Ad-Hoc|x64.Deploy.0 = Release|x64
		{C9D6FAD1-A824-4F4C-B4A0-9A4D1495DD97}.Ad-Hoc|x86.ActiveCfg = Release|x86
		{C9D6FAD1-A824-4F4C-B4A0-9A4D1495DD97}.Ad-Hoc|x86.Build.0 = Release|x86
		{C9D6FAD1-A824-4F4C-B4A0-9A4D1495DD97}.Ad-Hoc|x86.Deploy.0 = Release|x86
		{C9D6FAD1-A824-4F4C-B4A0-9A4D1495DD97}.AppStore|Any CPU.ActiveCfg = Release|x86
		{C9D6FAD1-A824-4F4C-B4A0-9A4D1495DD97}.AppStore|Any CPU.Build.0 = Release|x86
		{C9D6FAD1-A824-4F4C-B4A0-9A4D1495DD97}.AppStore|Any CPU.Deploy.0 = Release|x86
		{C9D6FAD1-A824-4F4C-B4A0-9A4D1495DD97}.AppStore|ARM.ActiveCfg = Release|ARM
		{C9D6FAD1-A824-4F4C-B4A0-9A4D1495DD97}.AppStore|ARM.Build.0 = Release|ARM
		{C9D6FAD1-A824-4F4C-B4A0-9A4D1495DD97}.AppStore|ARM.Deploy.0 = Release|ARM
		{C9D6FAD1-A824-4F4C-B4A0-9A4D1495DD97}.AppStore|iPhone.ActiveCfg = Release|x86
		{C9D6FAD1-A824-4F4C-B4A0-9A4D1495DD97}.AppStore|iPhone.Build.0 = Release|x86
		{C9D6FAD1-A824-4F4C-B4A0-9A4D1495DD97}.AppStore|iPhone.Deploy.0 = Release|x86
		{C9D6FAD1-A824-4F4C-B4A0-9A4D1495DD97}.AppStore|iPhoneSimulator.ActiveCfg = Release|x86
		{C9D6FAD1-A824-4F4C-B4A0-9A4D1495DD97}.AppStore|iPhoneSimulator.Build.0 = Release|x86
		{C9D6FAD1-A824-4F4C-B4A0-9A4D1495DD97}.AppStore|iPhoneSimulator.Deploy.0 = Release|x86
		{C9D6FAD1-A824-4F4C-B4A0-9A4D1495DD97}.AppStore|x64.ActiveCfg = Release|x64
		{C9D6FAD1-A824-4F4C-B4A0-9A4D1495DD97}.AppStore|x64.Build.0 = Release|x64
		{C9D6FAD1-A824-4F4C-B4A0-9A4D1495DD97}.AppStore|x64.Deploy.0 = Release|x64
		{C9D6FAD1-A824-4F4C-B4A0-9A4D1495DD97}.AppStore|x86.ActiveCfg = Release|x86
		{C9D6FAD1-A824-4F4C-B4A0-9A4D1495DD97}.AppStore|x86.Build.0 = Release|x86
		{C9D6FAD1-A824-4F4C-B4A0-9A4D1495DD97}.AppStore|x86.Deploy.0 = Release|x86
		{C9D6FAD1-A824-4F4C-B4A0-9A4D1495DD97}.Debug|Any CPU.ActiveCfg = Debug|x86
		{C9D6FAD1-A824-4F4C-B4A0-9A4D1495DD97}.Debug|ARM.ActiveCfg = Debug|ARM
		{C9D6FAD1-A824-4F4C-B4A0-9A4D1495DD97}.Debug|ARM.Build.0 = Debug|ARM
		{C9D6FAD1-A824-4F4C-B4A0-9A4D1495DD97}.Debug|ARM.Deploy.0 = Debug|ARM
		{C9D6FAD1-A824-4F4C-B4A0-9A4D1495DD97}.Debug|iPhone.ActiveCfg = Debug|x86
		{C9D6FAD1-A824-4F4C-B4A0-9A4D1495DD97}.Debug|iPhoneSimulator.ActiveCfg = Debug|x86
		{C9D6FAD1-A824-4F4C-B4A0-9A4D1495DD97}.Debug|x64.ActiveCfg = Debug|x64
		{C9D6FAD1-A824-4F4C-B4A0-9A4D1495DD97}.Debug|x64.Build.0 = Debug|x64
		{C9D6FAD1-A824-4F4C-B4A0-9A4D1495DD97}.Debug|x64.Deploy.0 = Debug|x64
		{C9D6FAD1-A824-4F4C-B4A0-9A4D1495DD97}.Debug|x86.ActiveCfg = Debug|x86
		{C9D6FAD1-A824-4F4C-B4A0-9A4D1495DD97}.Debug|x86.Build.0 = Debug|x86
		{C9D6FAD1-A824-4F4C-B4A0-9A4D1495DD97}.Debug|x86.Deploy.0 = Debug|x86
		{C9D6FAD1-A824-4F4C-B4A0-9A4D1495DD97}.Release|Any CPU.ActiveCfg = Release|x86
		{C9D6FAD1-A824-4F4C-B4A0-9A4D1495DD97}.Release|ARM.ActiveCfg = Release|ARM
		{C9D6FAD1-A824-4F4C-B4A0-9A4D1495DD97}.Release|ARM.Build.0 = Release|ARM
		{C9D6FAD1-A824-4F4C-B4A0-9A4D1495DD97}.Release|ARM.Deploy.0 = Release|ARM
		{C9D6FAD1-A824-4F4C-B4A0-9A4D1495DD97}.Release|iPhone.ActiveCfg = Release|x86
		{C9D6FAD1-A824-4F4C-B4A0-9A4D1495DD97}.Release|iPhoneSimulator.ActiveCfg = Release|x86
		{C9D6FAD1-A824-4F4C-B4A0-9A4D1495DD97}.Release|x64.ActiveCfg = Release|x64
		{C9D6FAD1-A824-4F4C-B4A0-9A4D1495DD97}.Release|x64.Build.0 = Release|x64
		{C9D6FAD1-A824-4F4C-B4A0-9A4D1495DD97}.Release|x64.Deploy.0 = Release|x64
		{C9D6FAD1-A824-4F4C-B4A0-9A4D1495DD97}.Release|x86.ActiveCfg = Release|x86
		{C9D6FAD1-A824-4F4C-B4A0-9A4D1495DD97}.Release|x86.Build.0 = Release|x86
		{C9D6FAD1-A824-4F4C-B4A0-9A4D1495DD97}.Release|x86.Deploy.0 = Release|x86
		{65B86139-7E2D-4DFA-81E8-F941B57B6413}.Ad-Hoc|Any CPU.ActiveCfg = Release|Any CPU
		{65B86139-7E2D-4DFA-81E8-F941B57B6413}.Ad-Hoc|Any CPU.Build.0 = Release|Any CPU
		{65B86139-7E2D-4DFA-81E8-F941B57B6413}.Ad-Hoc|Any CPU.Deploy.0 = Release|Any CPU
		{65B86139-7E2D-4DFA-81E8-F941B57B6413}.Ad-Hoc|ARM.ActiveCfg = Release|ARM
		{65B86139-7E2D-4DFA-81E8-F941B57B6413}.Ad-Hoc|ARM.Build.0 = Release|ARM
		{65B86139-7E2D-4DFA-81E8-F941B57B6413}.Ad-Hoc|ARM.Deploy.0 = Release|ARM
		{65B86139-7E2D-4DFA-81E8-F941B57B6413}.Ad-Hoc|iPhone.ActiveCfg = Release|Any CPU
		{65B86139-7E2D-4DFA-81E8-F941B57B6413}.Ad-Hoc|iPhone.Build.0 = Release|Any CPU
		{65B86139-7E2D-4DFA-81E8-F941B57B6413}.Ad-Hoc|iPhone.Deploy.0 = Release|Any CPU
		{65B86139-7E2D-4DFA-81E8-F941B57B6413}.Ad-Hoc|iPhoneSimulator.ActiveCfg = Release|Any CPU
		{65B86139-7E2D-4DFA-81E8-F941B57B6413}.Ad-Hoc|iPhoneSimulator.Build.0 = Release|Any CPU
		{65B86139-7E2D-4DFA-81E8-F941B57B6413}.Ad-Hoc|iPhoneSimulator.Deploy.0 = Release|Any CPU
		{65B86139-7E2D-4DFA-81E8-F941B57B6413}.Ad-Hoc|x64.ActiveCfg = Release|x64
		{65B86139-7E2D-4DFA-81E8-F941B57B6413}.Ad-Hoc|x64.Build.0 = Release|x64
		{65B86139-7E2D-4DFA-81E8-F941B57B6413}.Ad-Hoc|x64.Deploy.0 = Release|x64
		{65B86139-7E2D-4DFA-81E8-F941B57B6413}.Ad-Hoc|x86.ActiveCfg = Release|x86
		{65B86139-7E2D-4DFA-81E8-F941B57B6413}.Ad-Hoc|x86.Build.0 = Release|x86
		{65B86139-7E2D-4DFA-81E8-F941B57B6413}.Ad-Hoc|x86.Deploy.0 = Release|x86
		{65B86139-7E2D-4DFA-81E8-F941B57B6413}.AppStore|Any CPU.ActiveCfg = Release|Any CPU
		{65B86139-7E2D-4DFA-81E8-F941B57B6413}.AppStore|Any CPU.Build.0 = Release|Any CPU
		{65B86139-7E2D-4DFA-81E8-F941B57B6413}.AppStore|Any CPU.Deploy.0 = Release|Any CPU
		{65B86139-7E2D-4DFA-81E8-F941B57B6413}.AppStore|ARM.ActiveCfg = Release|ARM
		{65B86139-7E2D-4DFA-81E8-F941B57B6413}.AppStore|ARM.Build.0 = Release|ARM
		{65B86139-7E2D-4DFA-81E8-F941B57B6413}.AppStore|ARM.Deploy.0 = Release|ARM
		{65B86139-7E2D-4DFA-81E8-F941B57B6413}.AppStore|iPhone.ActiveCfg = Release|Any CPU
		{65B86139-7E2D-4DFA-81E8-F941B57B6413}.AppStore|iPhone.Build.0 = Release|Any CPU
		{65B86139-7E2D-4DFA-81E8-F941B57B6413}.AppStore|iPhone.Deploy.0 = Release|Any CPU
		{65B86139-7E2D-4DFA-81E8-F941B57B6413}.AppStore|iPhoneSimulator.ActiveCfg = Release|Any CPU
		{65B86139-7E2D-4DFA-81E8-F941B57B6413}.AppStore|iPhoneSimulator.Build.0 = Release|Any CPU
		{65B86139-7E2D-4DFA-81E8-F941B57B6413}.AppStore|iPhoneSimulator.Deploy.0 = Release|Any CPU
		{65B86139-7E2D-4DFA-81E8-F941B57B6413}.AppStore|x64.ActiveCfg = Release|x64
		{65B86139-7E2D-4DFA-81E8-F941B57B6413}.AppStore|x64.Build.0 = Release|x64
		{65B86139-7E2D-4DFA-81E8-F941B57B6413}.AppStore|x64.Deploy.0 = Release|x64
		{65B86139-7E2D-4DFA-81E8-F941B57B6413}.AppStore|x86.ActiveCfg = Release|x86
		{65B86139-7E2D-4DFA-81E8-F941B57B6413}.AppStore|x86.Build.0 = Release|x86
		{65B86139-7E2D-4DFA-81E8-F941B57B6413}.AppStore|x86.Deploy.0 = Release|x86
		{65B86139-7E2D-4DFA-81E8-F941B57B6413}.Debug|Any CPU.ActiveCfg = Debug|Any CPU
		{65B86139-7E2D-4DFA-81E8-F941B57B6413}.Debug|Any CPU.Build.0 = Debug|Any CPU
		{65B86139-7E2D-4DFA-81E8-F941B57B6413}.Debug|Any CPU.Deploy.0 = Debug|Any CPU
		{65B86139-7E2D-4DFA-81E8-F941B57B6413}.Debug|ARM.ActiveCfg = Debug|ARM
		{65B86139-7E2D-4DFA-81E8-F941B57B6413}.Debug|ARM.Build.0 = Debug|ARM
		{65B86139-7E2D-4DFA-81E8-F941B57B6413}.Debug|ARM.Deploy.0 = Debug|ARM
		{65B86139-7E2D-4DFA-81E8-F941B57B6413}.Debug|iPhone.ActiveCfg = Debug|Any CPU
		{65B86139-7E2D-4DFA-81E8-F941B57B6413}.Debug|iPhone.Build.0 = Debug|Any CPU
		{65B86139-7E2D-4DFA-81E8-F941B57B6413}.Debug|iPhone.Deploy.0 = Debug|Any CPU
		{65B86139-7E2D-4DFA-81E8-F941B57B6413}.Debug|iPhoneSimulator.ActiveCfg = Debug|Any CPU
		{65B86139-7E2D-4DFA-81E8-F941B57B6413}.Debug|iPhoneSimulator.Build.0 = Debug|Any CPU
		{65B86139-7E2D-4DFA-81E8-F941B57B6413}.Debug|iPhoneSimulator.Deploy.0 = Debug|Any CPU
		{65B86139-7E2D-4DFA-81E8-F941B57B6413}.Debug|x64.ActiveCfg = Debug|x64
		{65B86139-7E2D-4DFA-81E8-F941B57B6413}.Debug|x64.Build.0 = Debug|x64
		{65B86139-7E2D-4DFA-81E8-F941B57B6413}.Debug|x64.Deploy.0 = Debug|x64
		{65B86139-7E2D-4DFA-81E8-F941B57B6413}.Debug|x86.ActiveCfg = Debug|x86
		{65B86139-7E2D-4DFA-81E8-F941B57B6413}.Debug|x86.Build.0 = Debug|x86
		{65B86139-7E2D-4DFA-81E8-F941B57B6413}.Debug|x86.Deploy.0 = Debug|x86
		{65B86139-7E2D-4DFA-81E8-F941B57B6413}.Release|Any CPU.ActiveCfg = Release|Any CPU
		{65B86139-7E2D-4DFA-81E8-F941B57B6413}.Release|Any CPU.Build.0 = Release|Any CPU
		{65B86139-7E2D-4DFA-81E8-F941B57B6413}.Release|Any CPU.Deploy.0 = Release|Any CPU
		{65B86139-7E2D-4DFA-81E8-F941B57B6413}.Release|ARM.ActiveCfg = Release|ARM
		{65B86139-7E2D-4DFA-81E8-F941B57B6413}.Release|ARM.Build.0 = Release|ARM
		{65B86139-7E2D-4DFA-81E8-F941B57B6413}.Release|ARM.Deploy.0 = Release|ARM
		{65B86139-7E2D-4DFA-81E8-F941B57B6413}.Release|iPhone.ActiveCfg = Release|Any CPU
		{65B86139-7E2D-4DFA-81E8-F941B57B6413}.Release|iPhone.Build.0 = Release|Any CPU
		{65B86139-7E2D-4DFA-81E8-F941B57B6413}.Release|iPhone.Deploy.0 = Release|Any CPU
		{65B86139-7E2D-4DFA-81E8-F941B57B6413}.Release|iPhoneSimulator.ActiveCfg = Release|Any CPU
		{65B86139-7E2D-4DFA-81E8-F941B57B6413}.Release|iPhoneSimulator.Build.0 = Release|Any CPU
		{65B86139-7E2D-4DFA-81E8-F941B57B6413}.Release|iPhoneSimulator.Deploy.0 = Release|Any CPU
		{65B86139-7E2D-4DFA-81E8-F941B57B6413}.Release|x64.ActiveCfg = Release|x64
		{65B86139-7E2D-4DFA-81E8-F941B57B6413}.Release|x64.Build.0 = Release|x64
		{65B86139-7E2D-4DFA-81E8-F941B57B6413}.Release|x64.Deploy.0 = Release|x64
		{65B86139-7E2D-4DFA-81E8-F941B57B6413}.Release|x86.ActiveCfg = Release|x86
		{65B86139-7E2D-4DFA-81E8-F941B57B6413}.Release|x86.Build.0 = Release|x86
		{65B86139-7E2D-4DFA-81E8-F941B57B6413}.Release|x86.Deploy.0 = Release|x86
	EndGlobalSection
	GlobalSection(SolutionProperties) = preSolution
		HideSolutionNode = FALSE
	EndGlobalSection
EndGlobal
